schema: '2.0'
stages:
  data_ingestion:
    cmd: python src/data_ingestion.py
    deps:
    - path: src/data_ingestion.py
      hash: md5
      md5: 2f5730536d8415fe332867e100f06a3c
      size: 2026
    outs:
    - path: data/raw
      hash: md5
      md5: 6d7c9717b531961233cd66af69381384.dir
      size: 817597
      nfiles: 2
  data_preprocessing:
    cmd: python src/data_preprocessing.py
    deps:
    - path: data/raw
      hash: md5
      md5: 6d7c9717b531961233cd66af69381384.dir
      size: 817597
      nfiles: 2
    - path: src/data_preprocessing.py
      hash: md5
      md5: f7ce00687ea5fa3878c1337d2e98effc
      size: 2349
    outs:
    - path: data/processed
      hash: md5
      md5: 767f50a46129b7346647b34ff9620e40.dir
      size: 605486
      nfiles: 2
